
Microsoft Visual Studio Solution File, Format Version 12.00
# Visual Studio Version 17
VisualStudioVersion = 17.14.36518.9 d17.14
MinimumVisualStudioVersion = 10.0.40219.1
Project("{FAE04EC0-301F-11D3-BF4B-00C04F79EFBC}") = "QLsanbong", "QLsanbong.csproj", "{18A410A9-92CE-47C8-A580-D68628ABEEB4}"
EndProject
Global
	GlobalSection(SolutionConfigurationPlatforms) = preSolution
		Debug|Any CPU = Debug|Any CPU
		Release|Any CPU = Release|Any CPU
	EndGlobalSection
	GlobalSection(ProjectConfigurationPlatforms) = postSolution
		{18A410A9-92CE-47C8-A580-D68628ABEEB4}.Debug|Any CPU.ActiveCfg = Debug|Any CPU
		{18A410A9-92CE-47C8-A580-D68628ABEEB4}.Debug|Any CPU.Build.0 = Debug|Any CPU
		{18A410A9-92CE-47C8-A580-D68628ABEEB4}.Release|Any CPU.ActiveCfg = Release|Any CPU
		{18A410A9-92CE-47C8-A580-D68628ABEEB4}.Release|Any CPU.Build.0 = Release|Any CPU
	EndGlobalSection
	GlobalSection(SolutionProperties) = preSolution
		HideSolutionNode = FALSE
	EndGlobalSection
	GlobalSection(ExtensibilityGlobals) = postSolution
		SolutionGuid = {F08F76CF-D9F1-4E71-AD58-C6467B3B2067}
	EndGlobalSection
EndGlobal
